
Microsoft Visual Studio Solution File, Format Version 12.00
# Visual Studio Version 17
VisualStudioVersion = 17.4.33110.190
MinimumVisualStudioVersion = 10.0.40219.1
Project("{FAE04EC0-301F-11D3-BF4B-00C04F79EFBC}") = "SalesW", "SalesW\SalesW.csproj", "{31DD4E46-92D5-4506-A003-42BF59E8BCB4}"
EndProject
Global
	GlobalSection(SolutionConfigurationPlatforms) = preSolution
		Debug|Any CPU = Debug|Any CPU
		Release|Any CPU = Release|Any CPU
	EndGlobalSection
	GlobalSection(ProjectConfigurationPlatforms) = postSolution
		{31DD4E46-92D5-4506-A003-42BF59E8BCB4}.Debug|Any CPU.ActiveCfg = Debug|Any CPU
		{31DD4E46-92D5-4506-A003-42BF59E8BCB4}.Debug|Any CPU.Build.0 = Debug|Any CPU
		{31DD4E46-92D5-4506-A003-42BF59E8BCB4}.Release|Any CPU.ActiveCfg = Release|Any CPU
		{31DD4E46-92D5-4506-A003-42BF59E8BCB4}.Release|Any CPU.Build.0 = Release|Any CPU
	EndGlobalSection
	GlobalSection(SolutionProperties) = preSolution
		HideSolutionNode = FALSE
	EndGlobalSection
	GlobalSection(ExtensibilityGlobals) = postSolution
		SolutionGuid = {FCD3CE02-3195-4E26-B3BF-E511B6C942D1}
	EndGlobalSection
EndGlobal
